# THIS IS AN AUTOGENERATED FILE. DO NOT EDIT THIS FILE DIRECTLY.
# yarn lockfile v1


create-react-project@^0.0.30:
  version "0.0.30"
  resolved "https://registry.yarnpkg.com/create-react-project/-/create-react-project-0.0.30.tgz#9a92c054e849efb6c4fe189f77b41fa206a0ed5c"
  integrity sha512-Gj9piCEy5pg6FJy1gSolD88MvnaYYKmAv1nUBwwqmaP9lTFf3YZ56Cr9W21+IebuZ67szWIOo1Elchv+BwrTzQ==
  dependencies:
    shelljs "0.6.0"

shelljs@0.6.0:
  version "0.6.0"
  resolved "https://registry.yarnpkg.com/shelljs/-/shelljs-0.6.0.tgz#ce1ed837b4b0e55b5ec3dab84251ab9dbdc0c7ec"
  integrity sha512-BZxO6AWLZw+C+LD5JSlLZKePa7Q056KsBmptVRFSEvRWGPFwd7ujLVWHLdBjYPGtexWRBAXNDK/o46Ph6tBt7w==
